
Microsoft Visual Studio Solution File, Format Version 12.00
# Visual Studio Version 17
VisualStudioVersion = 17.5.002.0
MinimumVisualStudioVersion = 10.0.40219.1
Project("{9A19103F-16F7-4668-BE54-9A1E7A4F7556}") = "Final", "Final\Final.csproj", "{68EAF770-9964-4D28-B649-C9E5AFEBAD91}"
EndProject
Project("{9A19103F-16F7-4668-BE54-9A1E7A4F7556}") = "Starter", "Starter\Starter.csproj", "{144B3C60-DC4A-48AF-930E-C36352E2CF16}"
EndProject
Global
	GlobalSection(SolutionConfigurationPlatforms) = preSolution
		Debug|Any CPU = Debug|Any CPU
		Release|Any CPU = Release|Any CPU
	EndGlobalSection
	GlobalSection(ProjectConfigurationPlatforms) = postSolution
		{68EAF770-9964-4D28-B649-C9E5AFEBAD91}.Debug|Any CPU.ActiveCfg = Debug|Any CPU
		{68EAF770-9964-4D28-B649-C9E5AFEBAD91}.Debug|Any CPU.Build.0 = Debug|Any CPU
		{68EAF770-9964-4D28-B649-C9E5AFEBAD91}.Release|Any CPU.ActiveCfg = Release|Any CPU
		{68EAF770-9964-4D28-B649-C9E5AFEBAD91}.Release|Any CPU.Build.0 = Release|Any CPU
		{144B3C60-DC4A-48AF-930E-C36352E2CF16}.Debug|Any CPU.ActiveCfg = Debug|Any CPU
		{144B3C60-DC4A-48AF-930E-C36352E2CF16}.Debug|Any CPU.Build.0 = Debug|Any CPU
		{144B3C60-DC4A-48AF-930E-C36352E2CF16}.Release|Any CPU.ActiveCfg = Release|Any CPU
		{144B3C60-DC4A-48AF-930E-C36352E2CF16}.Release|Any CPU.Build.0 = Release|Any CPU
	EndGlobalSection
	GlobalSection(SolutionProperties) = preSolution
		HideSolutionNode = FALSE
	EndGlobalSection
	GlobalSection(ExtensibilityGlobals) = postSolution
		SolutionGuid = {ADFB4EDC-0768-4E40-864F-AFAC5263DBF0}
	EndGlobalSection
EndGlobal
